// !$*UTF8*$!
{
	archiveVersion = 1;
	classes = {
	};
	objectVersion = 56;
	objects = {

/* Begin PBXBuildFile section */
		983AD8752A603C1A003BCE3B /* ModelData.xcdatamodeld in Sources */ = {isa = PBXBuildFile; fileRef = 983AD8732A603C1A003BCE3B /* ModelData.xcdatamodeld */; };
		98650C472A6009DF0003CDC8 /* CurrentWeather.swift in Sources */ = {isa = PBXBuildFile; fileRef = 98650C462A6009DF0003CDC8 /* CurrentWeather.swift */; };
		9868AF992A5EB34100DC298B /* OnBoardingViewModel.swift in Sources */ = {isa = PBXBuildFile; fileRef = 9868AF982A5EB34100DC298B /* OnBoardingViewModel.swift */; };
		98B607A42A5DF2A800DECFFE /* CurrentWeatherViewModel.swift in Sources */ = {isa = PBXBuildFile; fileRef = 98B607A32A5DF2A800DECFFE /* CurrentWeatherViewModel.swift */; };
		98B607A62A5E057C00DECFFE /* ForecastWeatherRequest.swift in Sources */ = {isa = PBXBuildFile; fileRef = 98B607A52A5E057C00DECFFE /* ForecastWeatherRequest.swift */; };
		98B607A82A5E093300DECFFE /* ForecastViewModel.swift in Sources */ = {isa = PBXBuildFile; fileRef = 98B607A72A5E093300DECFFE /* ForecastViewModel.swift */; };
		98B607AC2A5E24AF00DECFFE /* ErrorView.swift in Sources */ = {isa = PBXBuildFile; fileRef = 98B607AB2A5E24AF00DECFFE /* ErrorView.swift */; };
		98B607AE2A5E38FB00DECFFE /* CircullarLoadingView.swift in Sources */ = {isa = PBXBuildFile; fileRef = 98B607AD2A5E38FA00DECFFE /* CircullarLoadingView.swift */; };
		98B607B22A5E414C00DECFFE /* DateExtensions.swift in Sources */ = {isa = PBXBuildFile; fileRef = 98B607B12A5E414C00DECFFE /* DateExtensions.swift */; };
		98B607B42A5E4A8200DECFFE /* Haptic.swift in Sources */ = {isa = PBXBuildFile; fileRef = 98B607B32A5E4A8200DECFFE /* Haptic.swift */; };
		98CA00E82A600AA600658017 /* ForecastWeather.swift in Sources */ = {isa = PBXBuildFile; fileRef = 98CA00E72A600AA600658017 /* ForecastWeather.swift */; };
		98CA00EB2A60145100658017 /* CoreDataManager.swift in Sources */ = {isa = PBXBuildFile; fileRef = 98CA00EA2A60145100658017 /* CoreDataManager.swift */; };
		98CB6CA52A5E9E3C00F423C3 /* LocationManagerProtocol.swift in Sources */ = {isa = PBXBuildFile; fileRef = 98CB6CA42A5E9E3C00F423C3 /* LocationManagerProtocol.swift */; };
		98CB6CA72A5E9F4300F423C3 /* CoreLocationManager.swift in Sources */ = {isa = PBXBuildFile; fileRef = 98CB6CA62A5E9F4300F423C3 /* CoreLocationManager.swift */; };
		98CB6CAB2A5EA78200F423C3 /* OnBoardingView.swift in Sources */ = {isa = PBXBuildFile; fileRef = 98CB6CAA2A5EA78200F423C3 /* OnBoardingView.swift */; };
		98D411172A5DAA9A00BCEE1F /* SEWeatherApp.swift in Sources */ = {isa = PBXBuildFile; fileRef = 98D411162A5DAA9A00BCEE1F /* SEWeatherApp.swift */; };
		98D411192A5DAA9A00BCEE1F /* ContentView.swift in Sources */ = {isa = PBXBuildFile; fileRef = 98D411182A5DAA9A00BCEE1F /* ContentView.swift */; };
		98D4111B2A5DAA9D00BCEE1F /* Assets.xcassets in Resources */ = {isa = PBXBuildFile; fileRef = 98D4111A2A5DAA9D00BCEE1F /* Assets.xcassets */; };
		98D4111E2A5DAA9D00BCEE1F /* Preview Assets.xcassets in Resources */ = {isa = PBXBuildFile; fileRef = 98D4111D2A5DAA9D00BCEE1F /* Preview Assets.xcassets */; };
		98D411322A5DB12300BCEE1F /* MainView.swift in Sources */ = {isa = PBXBuildFile; fileRef = 98D411312A5DB12300BCEE1F /* MainView.swift */; };
		98D411342A5DB28200BCEE1F /* ForecastView.swift in Sources */ = {isa = PBXBuildFile; fileRef = 98D411332A5DB28200BCEE1F /* ForecastView.swift */; };
		98D411382A5DC27700BCEE1F /* DataRequestProtocol.swift in Sources */ = {isa = PBXBuildFile; fileRef = 98D411372A5DC27700BCEE1F /* DataRequestProtocol.swift */; };
		98D4113A2A5DC45D00BCEE1F /* HTTPMethods.swift in Sources */ = {isa = PBXBuildFile; fileRef = 98D411392A5DC45D00BCEE1F /* HTTPMethods.swift */; };
		98D4113C2A5DC5B700BCEE1F /* NetworkManagerProtocol.swift in Sources */ = {isa = PBXBuildFile; fileRef = 98D4113B2A5DC5B700BCEE1F /* NetworkManagerProtocol.swift */; };
		98D4113E2A5DC77600BCEE1F /* DefaultNetworkService.swift in Sources */ = {isa = PBXBuildFile; fileRef = 98D4113D2A5DC77600BCEE1F /* DefaultNetworkService.swift */; };
		98D411422A5DDE7600BCEE1F /* CurrentWeatherRequest.swift in Sources */ = {isa = PBXBuildFile; fileRef = 98D411412A5DDE7600BCEE1F /* CurrentWeatherRequest.swift */; };
		98F32FE72A5F629600DD10E5 /* Config.swift in Sources */ = {isa = PBXBuildFile; fileRef = 98F32FE62A5F629600DD10E5 /* Config.swift */; };
		98F32FE92A5FD2CE00DD10E5 /* ImageLoader.swift in Sources */ = {isa = PBXBuildFile; fileRef = 98F32FE82A5FD2CE00DD10E5 /* ImageLoader.swift */; };
		98F32FEB2A5FD32B00DD10E5 /* AsyncImage.swift in Sources */ = {isa = PBXBuildFile; fileRef = 98F32FEA2A5FD32B00DD10E5 /* AsyncImage.swift */; };
/* End PBXBuildFile section */

/* Begin PBXFileReference section */
		983AD8742A603C1A003BCE3B /* ModelData.xcdatamodel */ = {isa = PBXFileReference; lastKnownFileType = wrapper.xcdatamodel; path = ModelData.xcdatamodel; sourceTree = "<group>"; };
		98650C462A6009DF0003CDC8 /* CurrentWeather.swift */ = {isa = PBXFileReference; lastKnownFileType = sourcecode.swift; path = CurrentWeather.swift; sourceTree = "<group>"; };
		9868AF982A5EB34100DC298B /* OnBoardingViewModel.swift */ = {isa = PBXFileReference; lastKnownFileType = sourcecode.swift; path = OnBoardingViewModel.swift; sourceTree = "<group>"; };
		98B607A32A5DF2A800DECFFE /* CurrentWeatherViewModel.swift */ = {isa = PBXFileReference; lastKnownFileType = sourcecode.swift; path = CurrentWeatherViewModel.swift; sourceTree = "<group>"; };
		98B607A52A5E057C00DECFFE /* ForecastWeatherRequest.swift */ = {isa = PBXFileReference; lastKnownFileType = sourcecode.swift; path = ForecastWeatherRequest.swift; sourceTree = "<group>"; };
		98B607A72A5E093300DECFFE /* ForecastViewModel.swift */ = {isa = PBXFileReference; lastKnownFileType = sourcecode.swift; path = ForecastViewModel.swift; sourceTree = "<group>"; };
		98B607AB2A5E24AF00DECFFE /* ErrorView.swift */ = {isa = PBXFileReference; lastKnownFileType = sourcecode.swift; path = ErrorView.swift; sourceTree = "<group>"; };
		98B607AD2A5E38FA00DECFFE /* CircullarLoadingView.swift */ = {isa = PBXFileReference; lastKnownFileType = sourcecode.swift; path = CircullarLoadingView.swift; sourceTree = "<group>"; };
		98B607B12A5E414C00DECFFE /* DateExtensions.swift */ = {isa = PBXFileReference; lastKnownFileType = sourcecode.swift; path = DateExtensions.swift; sourceTree = "<group>"; };
		98B607B32A5E4A8200DECFFE /* Haptic.swift */ = {isa = PBXFileReference; lastKnownFileType = sourcecode.swift; path = Haptic.swift; sourceTree = "<group>"; };
		98CA00E72A600AA600658017 /* ForecastWeather.swift */ = {isa = PBXFileReference; lastKnownFileType = sourcecode.swift; path = ForecastWeather.swift; sourceTree = "<group>"; };
		98CA00EA2A60145100658017 /* CoreDataManager.swift */ = {isa = PBXFileReference; lastKnownFileType = sourcecode.swift; path = CoreDataManager.swift; sourceTree = "<group>"; };
		98CB6CA42A5E9E3C00F423C3 /* LocationManagerProtocol.swift */ = {isa = PBXFileReference; lastKnownFileType = sourcecode.swift; path = LocationManagerProtocol.swift; sourceTree = "<group>"; };
		98CB6CA62A5E9F4300F423C3 /* CoreLocationManager.swift */ = {isa = PBXFileReference; lastKnownFileType = sourcecode.swift; path = CoreLocationManager.swift; sourceTree = "<group>"; };
		98CB6CA82A5EA21C00F423C3 /* Info.plist */ = {isa = PBXFileReference; lastKnownFileType = text.plist; path = Info.plist; sourceTree = "<group>"; };
		98CB6CAA2A5EA78200F423C3 /* OnBoardingView.swift */ = {isa = PBXFileReference; lastKnownFileType = sourcecode.swift; path = OnBoardingView.swift; sourceTree = "<group>"; };
		98D411132A5DAA9A00BCEE1F /* SEWeather.app */ = {isa = PBXFileReference; explicitFileType = wrapper.application; includeInIndex = 0; path = SEWeather.app; sourceTree = BUILT_PRODUCTS_DIR; };
		98D411162A5DAA9A00BCEE1F /* SEWeatherApp.swift */ = {isa = PBXFileReference; lastKnownFileType = sourcecode.swift; path = SEWeatherApp.swift; sourceTree = "<group>"; };
		98D411182A5DAA9A00BCEE1F /* ContentView.swift */ = {isa = PBXFileReference; lastKnownFileType = sourcecode.swift; path = ContentView.swift; sourceTree = "<group>"; };
		98D4111A2A5DAA9D00BCEE1F /* Assets.xcassets */ = {isa = PBXFileReference; lastKnownFileType = folder.assetcatalog; path = Assets.xcassets; sourceTree = "<group>"; };
		98D4111D2A5DAA9D00BCEE1F /* Preview Assets.xcassets */ = {isa = PBXFileReference; lastKnownFileType = folder.assetcatalog; path = "Preview Assets.xcassets"; sourceTree = "<group>"; };
		98D411312A5DB12300BCEE1F /* MainView.swift */ = {isa = PBXFileReference; lastKnownFileType = sourcecode.swift; path = MainView.swift; sourceTree = "<group>"; };
		98D411332A5DB28200BCEE1F /* ForecastView.swift */ = {isa = PBXFileReference; lastKnownFileType = sourcecode.swift; path = ForecastView.swift; sourceTree = "<group>"; };
		98D411372A5DC27700BCEE1F /* DataRequestProtocol.swift */ = {isa = PBXFileReference; lastKnownFileType = sourcecode.swift; path = DataRequestProtocol.swift; sourceTree = "<group>"; };
		98D411392A5DC45D00BCEE1F /* HTTPMethods.swift */ = {isa = PBXFileReference; lastKnownFileType = sourcecode.swift; path = HTTPMethods.swift; sourceTree = "<group>"; };
		98D4113B2A5DC5B700BCEE1F /* NetworkManagerProtocol.swift */ = {isa = PBXFileReference; lastKnownFileType = sourcecode.swift; path = NetworkManagerProtocol.swift; sourceTree = "<group>"; };
		98D4113D2A5DC77600BCEE1F /* DefaultNetworkService.swift */ = {isa = PBXFileReference; lastKnownFileType = sourcecode.swift; path = DefaultNetworkService.swift; sourceTree = "<group>"; };
		98D411412A5DDE7600BCEE1F /* CurrentWeatherRequest.swift */ = {isa = PBXFileReference; lastKnownFileType = sourcecode.swift; path = CurrentWeatherRequest.swift; sourceTree = "<group>"; };
		98F32FE62A5F629600DD10E5 /* Config.swift */ = {isa = PBXFileReference; lastKnownFileType = sourcecode.swift; path = Config.swift; sourceTree = "<group>"; };
		98F32FE82A5FD2CE00DD10E5 /* ImageLoader.swift */ = {isa = PBXFileReference; lastKnownFileType = sourcecode.swift; path = ImageLoader.swift; sourceTree = "<group>"; };
		98F32FEA2A5FD32B00DD10E5 /* AsyncImage.swift */ = {isa = PBXFileReference; lastKnownFileType = sourcecode.swift; path = AsyncImage.swift; sourceTree = "<group>"; };
/* End PBXFileReference section */

/* Begin PBXFrameworksBuildPhase section */
		98D411102A5DAA9A00BCEE1F /* Frameworks */ = {
			isa = PBXFrameworksBuildPhase;
			buildActionMask = 2147483647;
			files = (
			);
			runOnlyForDeploymentPostprocessing = 0;
		};
/* End PBXFrameworksBuildPhase section */

/* Begin PBXGroup section */
		98650C452A6009D00003CDC8 /* CurrentWeather */ = {
			isa = PBXGroup;
			children = (
				98D411412A5DDE7600BCEE1F /* CurrentWeatherRequest.swift */,
				98650C462A6009DF0003CDC8 /* CurrentWeather.swift */,
			);
			path = CurrentWeather;
			sourceTree = "<group>";
		};
		98650C482A6009F90003CDC8 /* ForecastWeather */ = {
			isa = PBXGroup;
			children = (
				98B607A52A5E057C00DECFFE /* ForecastWeatherRequest.swift */,
				98CA00E72A600AA600658017 /* ForecastWeather.swift */,
			);
			path = ForecastWeather;
			sourceTree = "<group>";
		};
		98B607A92A5E248A00DECFFE /* Screens */ = {
			isa = PBXGroup;
			children = (
				98CB6CAA2A5EA78200F423C3 /* OnBoardingView.swift */,
				98D411182A5DAA9A00BCEE1F /* ContentView.swift */,
				98D411312A5DB12300BCEE1F /* MainView.swift */,
				98D411332A5DB28200BCEE1F /* ForecastView.swift */,
			);
			path = Screens;
			sourceTree = "<group>";
		};
		98B607AA2A5E249500DECFFE /* Components */ = {
			isa = PBXGroup;
			children = (
				98B607AB2A5E24AF00DECFFE /* ErrorView.swift */,
				98B607AD2A5E38FA00DECFFE /* CircullarLoadingView.swift */,
				98F32FEA2A5FD32B00DD10E5 /* AsyncImage.swift */,
			);
			path = Components;
			sourceTree = "<group>";
		};
		98B607AF2A5E412700DECFFE /* Utils */ = {
			isa = PBXGroup;
			children = (
				98B607B02A5E413A00DECFFE /* Extensions */,
				98B607B32A5E4A8200DECFFE /* Haptic.swift */,
				98F32FE62A5F629600DD10E5 /* Config.swift */,
				98F32FE82A5FD2CE00DD10E5 /* ImageLoader.swift */,
			);
			path = Utils;
			sourceTree = "<group>";
		};
		98B607B02A5E413A00DECFFE /* Extensions */ = {
			isa = PBXGroup;
			children = (
				98B607B12A5E414C00DECFFE /* DateExtensions.swift */,
			);
			path = Extensions;
			sourceTree = "<group>";
		};
		98CA00E92A60144400658017 /* CoreData */ = {
			isa = PBXGroup;
			children = (
				98CA00EA2A60145100658017 /* CoreDataManager.swift */,
			);
			path = CoreData;
			sourceTree = "<group>";
		};
		98CB6CA32A5E9E2A00F423C3 /* Location */ = {
			isa = PBXGroup;
			children = (
				98CB6CA42A5E9E3C00F423C3 /* LocationManagerProtocol.swift */,
				98CB6CA62A5E9F4300F423C3 /* CoreLocationManager.swift */,
			);
			path = Location;
			sourceTree = "<group>";
		};
		98D4110A2A5DAA9A00BCEE1F = {
			isa = PBXGroup;
			children = (
				98D411152A5DAA9A00BCEE1F /* SEWeather */,
				98D411142A5DAA9A00BCEE1F /* Products */,
			);
			sourceTree = "<group>";
		};
		98D411142A5DAA9A00BCEE1F /* Products */ = {
			isa = PBXGroup;
			children = (
				98D411132A5DAA9A00BCEE1F /* SEWeather.app */,
			);
			name = Products;
			sourceTree = "<group>";
		};
		98D411152A5DAA9A00BCEE1F /* SEWeather */ = {
			isa = PBXGroup;
			children = (
				98CB6CA82A5EA21C00F423C3 /* Info.plist */,
				98D411162A5DAA9A00BCEE1F /* SEWeatherApp.swift */,
				983AD8732A603C1A003BCE3B /* ModelData.xcdatamodeld */,
				98D411352A5DC24600BCEE1F /* Managers */,
				98B607AF2A5E412700DECFFE /* Utils */,
				98D4112B2A5DAE9000BCEE1F /* Model */,
				98D411292A5DAE7D00BCEE1F /* View */,
				98D4112A2A5DAE8600BCEE1F /* ViewModel */,
				98D4111A2A5DAA9D00BCEE1F /* Assets.xcassets */,
				98D4111C2A5DAA9D00BCEE1F /* Preview Content */,
			);
			path = SEWeather;
			sourceTree = "<group>";
		};
		98D4111C2A5DAA9D00BCEE1F /* Preview Content */ = {
			isa = PBXGroup;
			children = (
				98D4111D2A5DAA9D00BCEE1F /* Preview Assets.xcassets */,
			);
			path = "Preview Content";
			sourceTree = "<group>";
		};
		98D411292A5DAE7D00BCEE1F /* View */ = {
			isa = PBXGroup;
			children = (
				98B607AA2A5E249500DECFFE /* Components */,
				98B607A92A5E248A00DECFFE /* Screens */,
			);
			path = View;
			sourceTree = "<group>";
		};
		98D4112A2A5DAE8600BCEE1F /* ViewModel */ = {
			isa = PBXGroup;
			children = (
				98B607A32A5DF2A800DECFFE /* CurrentWeatherViewModel.swift */,
				98B607A72A5E093300DECFFE /* ForecastViewModel.swift */,
				9868AF982A5EB34100DC298B /* OnBoardingViewModel.swift */,
			);
			path = ViewModel;
			sourceTree = "<group>";
		};
		98D4112B2A5DAE9000BCEE1F /* Model */ = {
			isa = PBXGroup;
			children = (
				98650C482A6009F90003CDC8 /* ForecastWeather */,
				98650C452A6009D00003CDC8 /* CurrentWeather */,
			);
			path = Model;
			sourceTree = "<group>";
		};
		98D411352A5DC24600BCEE1F /* Managers */ = {
			isa = PBXGroup;
			children = (
				98CA00E92A60144400658017 /* CoreData */,
				98CB6CA32A5E9E2A00F423C3 /* Location */,
				98D411362A5DC25600BCEE1F /* Networking */,
			);
			path = Managers;
			sourceTree = "<group>";
		};
		98D411362A5DC25600BCEE1F /* Networking */ = {
			isa = PBXGroup;
			children = (
				98D411372A5DC27700BCEE1F /* DataRequestProtocol.swift */,
				98D411392A5DC45D00BCEE1F /* HTTPMethods.swift */,
				98D4113B2A5DC5B700BCEE1F /* NetworkManagerProtocol.swift */,
				98D4113D2A5DC77600BCEE1F /* DefaultNetworkService.swift */,
			);
			path = Networking;
			sourceTree = "<group>";
		};
/* End PBXGroup section */

/* Begin PBXNativeTarget section */
		98D411122A5DAA9A00BCEE1F /* SEWeather */ = {
			isa = PBXNativeTarget;
			buildConfigurationList = 98D411262A5DAA9D00BCEE1F /* Build configuration list for PBXNativeTarget "SEWeather" */;
			buildPhases = (
				98D4110F2A5DAA9A00BCEE1F /* Sources */,
				98D411102A5DAA9A00BCEE1F /* Frameworks */,
				98D411112A5DAA9A00BCEE1F /* Resources */,
			);
			buildRules = (
			);
			dependencies = (
			);
			name = SEWeather;
			productName = SEWeather;
			productReference = 98D411132A5DAA9A00BCEE1F /* SEWeather.app */;
			productType = "com.apple.product-type.application";
		};
/* End PBXNativeTarget section */

/* Begin PBXProject section */
		98D4110B2A5DAA9A00BCEE1F /* Project object */ = {
			isa = PBXProject;
			attributes = {
				BuildIndependentTargetsInParallel = 1;
				LastSwiftUpdateCheck = 1500;
				LastUpgradeCheck = 1500;
				TargetAttributes = {
					98D411122A5DAA9A00BCEE1F = {
						CreatedOnToolsVersion = 15.0;
					};
				};
			};
			buildConfigurationList = 98D4110E2A5DAA9A00BCEE1F /* Build configuration list for PBXProject "SEWeather" */;
			compatibilityVersion = "Xcode 14.0";
			developmentRegion = en;
			hasScannedForEncodings = 0;
			knownRegions = (
				en,
				Base,
			);
			mainGroup = 98D4110A2A5DAA9A00BCEE1F;
			productRefGroup = 98D411142A5DAA9A00BCEE1F /* Products */;
			projectDirPath = "";
			projectRoot = "";
			targets = (
				98D411122A5DAA9A00BCEE1F /* SEWeather */,
			);
		};
/* End PBXProject section */

/* Begin PBXResourcesBuildPhase section */
		98D411112A5DAA9A00BCEE1F /* Resources */ = {
			isa = PBXResourcesBuildPhase;
			buildActionMask = 2147483647;
			files = (
				98D4111E2A5DAA9D00BCEE1F /* Preview Assets.xcassets in Resources */,
				98D4111B2A5DAA9D00BCEE1F /* Assets.xcassets in Resources */,
			);
			runOnlyForDeploymentPostprocessing = 0;
		};
/* End PBXResourcesBuildPhase section */

/* Begin PBXSourcesBuildPhase section */
		98D4110F2A5DAA9A00BCEE1F /* Sources */ = {
			isa = PBXSourcesBuildPhase;
			buildActionMask = 2147483647;
			files = (
				98D4113A2A5DC45D00BCEE1F /* HTTPMethods.swift in Sources */,
				98B607B22A5E414C00DECFFE /* DateExtensions.swift in Sources */,
				98650C472A6009DF0003CDC8 /* CurrentWeather.swift in Sources */,
				98D411382A5DC27700BCEE1F /* DataRequestProtocol.swift in Sources */,
				98CB6CA72A5E9F4300F423C3 /* CoreLocationManager.swift in Sources */,
				98F32FEB2A5FD32B00DD10E5 /* AsyncImage.swift in Sources */,
				98CA00EB2A60145100658017 /* CoreDataManager.swift in Sources */,
				98B607A82A5E093300DECFFE /* ForecastViewModel.swift in Sources */,
				98D411192A5DAA9A00BCEE1F /* ContentView.swift in Sources */,
				98CA00E82A600AA600658017 /* ForecastWeather.swift in Sources */,
				9868AF992A5EB34100DC298B /* OnBoardingViewModel.swift in Sources */,
				98B607A42A5DF2A800DECFFE /* CurrentWeatherViewModel.swift in Sources */,
				98D4113E2A5DC77600BCEE1F /* DefaultNetworkService.swift in Sources */,
				98D411422A5DDE7600BCEE1F /* CurrentWeatherRequest.swift in Sources */,
				98D4113C2A5DC5B700BCEE1F /* NetworkManagerProtocol.swift in Sources */,
				98B607AC2A5E24AF00DECFFE /* ErrorView.swift in Sources */,
				98F32FE92A5FD2CE00DD10E5 /* ImageLoader.swift in Sources */,
				98CB6CAB2A5EA78200F423C3 /* OnBoardingView.swift in Sources */,
				98B607B42A5E4A8200DECFFE /* Haptic.swift in Sources */,
				98D411322A5DB12300BCEE1F /* MainView.swift in Sources */,
				98D411172A5DAA9A00BCEE1F /* SEWeatherApp.swift in Sources */,
				98F32FE72A5F629600DD10E5 /* Config.swift in Sources */,
				98B607A62A5E057C00DECFFE /* ForecastWeatherRequest.swift in Sources */,
				98D411342A5DB28200BCEE1F /* ForecastView.swift in Sources */,
				983AD8752A603C1A003BCE3B /* ModelData.xcdatamodeld in Sources */,
				98CB6CA52A5E9E3C00F423C3 /* LocationManagerProtocol.swift in Sources */,
				98B607AE2A5E38FB00DECFFE /* CircullarLoadingView.swift in Sources */,
			);
			runOnlyForDeploymentPostprocessing = 0;
		};
/* End PBXSourcesBuildPhase section */

/* Begin XCBuildConfiguration section */
		98D411242A5DAA9D00BCEE1F /* Debug */ = {
			isa = XCBuildConfiguration;
			buildSettings = {
				ALWAYS_SEARCH_USER_PATHS = NO;
				ASSETCATALOG_COMPILER_GENERATE_SWIFT_ASSET_SYMBOL_EXTENSIONS = YES;
				CLANG_ANALYZER_NONNULL = YES;
				CLANG_ANALYZER_NUMBER_OBJECT_CONVERSION = YES_AGGRESSIVE;
				CLANG_CXX_LANGUAGE_STANDARD = "gnu++20";
				CLANG_ENABLE_MODULES = YES;
				CLANG_ENABLE_OBJC_ARC = YES;
				CLANG_ENABLE_OBJC_WEAK = YES;
				CLANG_WARN_BLOCK_CAPTURE_AUTORELEASING = YES;
				CLANG_WARN_BOOL_CONVERSION = YES;
				CLANG_WARN_COMMA = YES;
				CLANG_WARN_CONSTANT_CONVERSION = YES;
				CLANG_WARN_DEPRECATED_OBJC_IMPLEMENTATIONS = YES;
				CLANG_WARN_DIRECT_OBJC_ISA_USAGE = YES_ERROR;
				CLANG_WARN_DOCUMENTATION_COMMENTS = YES;
				CLANG_WARN_EMPTY_BODY = YES;
				CLANG_WARN_ENUM_CONVERSION = YES;
				CLANG_WARN_INFINITE_RECURSION = YES;
				CLANG_WARN_INT_CONVERSION = YES;
				CLANG_WARN_NON_LITERAL_NULL_CONVERSION = YES;
				CLANG_WARN_OBJC_IMPLICIT_RETAIN_SELF = YES;
				CLANG_WARN_OBJC_LITERAL_CONVERSION = YES;
				CLANG_WARN_OBJC_ROOT_CLASS = YES_ERROR;
				CLANG_WARN_QUOTED_INCLUDE_IN_FRAMEWORK_HEADER = YES;
				CLANG_WARN_RANGE_LOOP_ANALYSIS = YES;
				CLANG_WARN_STRICT_PROTOTYPES = YES;
				CLANG_WARN_SUSPICIOUS_MOVE = YES;
				CLANG_WARN_UNGUARDED_AVAILABILITY = YES_AGGRESSIVE;
				CLANG_WARN_UNREACHABLE_CODE = YES;
				CLANG_WARN__DUPLICATE_METHOD_MATCH = YES;
				COPY_PHASE_STRIP = NO;
				DEBUG_INFORMATION_FORMAT = dwarf;
				ENABLE_STRICT_OBJC_MSGSEND = YES;
				ENABLE_TESTABILITY = YES;
				ENABLE_USER_SCRIPT_SANDBOXING = YES;
				GCC_C_LANGUAGE_STANDARD = gnu17;
				GCC_DYNAMIC_NO_PIC = NO;
				GCC_NO_COMMON_BLOCKS = YES;
				GCC_OPTIMIZATION_LEVEL = 0;
				GCC_PREPROCESSOR_DEFINITIONS = (
					"DEBUG=1",
					"$(inherited)",
				);
				GCC_WARN_64_TO_32_BIT_CONVERSION = YES;
				GCC_WARN_ABOUT_RETURN_TYPE = YES_ERROR;
				GCC_WARN_UNDECLARED_SELECTOR = YES;
				GCC_WARN_UNINITIALIZED_AUTOS = YES_AGGRESSIVE;
				GCC_WARN_UNUSED_FUNCTION = YES;
				GCC_WARN_UNUSED_VARIABLE = YES;
				IPHONEOS_DEPLOYMENT_TARGET = 17.0;
				LOCALIZATION_PREFERS_STRING_CATALOGS = YES;
				MTL_ENABLE_DEBUG_INFO = INCLUDE_SOURCE;
				MTL_FAST_MATH = YES;
				ONLY_ACTIVE_ARCH = YES;
				SDKROOT = iphoneos;
				SWIFT_ACTIVE_COMPILATION_CONDITIONS = "DEBUG $(inherited)";
				SWIFT_OPTIMIZATION_LEVEL = "-Onone";
			};
			name = Debug;
		};
		98D411252A5DAA9D00BCEE1F /* Release */ = {
			isa = XCBuildConfiguration;
			buildSettings = {
				ALWAYS_SEARCH_USER_PATHS = NO;
				ASSETCATALOG_COMPILER_GENERATE_SWIFT_ASSET_SYMBOL_EXTENSIONS = YES;
				CLANG_ANALYZER_NONNULL = YES;
				CLANG_ANALYZER_NUMBER_OBJECT_CONVERSION = YES_AGGRESSIVE;
				CLANG_CXX_LANGUAGE_STANDARD = "gnu++20";
				CLANG_ENABLE_MODULES = YES;
				CLANG_ENABLE_OBJC_ARC = YES;
				CLANG_ENABLE_OBJC_WEAK = YES;
				CLANG_WARN_BLOCK_CAPTURE_AUTORELEASING = YES;
				CLANG_WARN_BOOL_CONVERSION = YES;
				CLANG_WARN_COMMA = YES;
				CLANG_WARN_CONSTANT_CONVERSION = YES;
				CLANG_WARN_DEPRECATED_OBJC_IMPLEMENTATIONS = YES;
				CLANG_WARN_DIRECT_OBJC_ISA_USAGE = YES_ERROR;
				CLANG_WARN_DOCUMENTATION_COMMENTS = YES;
				CLANG_WARN_EMPTY_BODY = YES;
				CLANG_WARN_ENUM_CONVERSION = YES;
				CLANG_WARN_INFINITE_RECURSION = YES;
				CLANG_WARN_INT_CONVERSION = YES;
				CLANG_WARN_NON_LITERAL_NULL_CONVERSION = YES;
				CLANG_WARN_OBJC_IMPLICIT_RETAIN_SELF = YES;
				CLANG_WARN_OBJC_LITERAL_CONVERSION = YES;
				CLANG_WARN_OBJC_ROOT_CLASS = YES_ERROR;
				CLANG_WARN_QUOTED_INCLUDE_IN_FRAMEWORK_HEADER = YES;
				CLANG_WARN_RANGE_LOOP_ANALYSIS = YES;
				CLANG_WARN_STRICT_PROTOTYPES = YES;
				CLANG_WARN_SUSPICIOUS_MOVE = YES;
				CLANG_WARN_UNGUARDED_AVAILABILITY = YES_AGGRESSIVE;
				CLANG_WARN_UNREACHABLE_CODE = YES;
				CLANG_WARN__DUPLICATE_METHOD_MATCH = YES;
				COPY_PHASE_STRIP = NO;
				DEBUG_INFORMATION_FORMAT = "dwarf-with-dsym";
				ENABLE_NS_ASSERTIONS = NO;
				ENABLE_STRICT_OBJC_MSGSEND = YES;
				ENABLE_USER_SCRIPT_SANDBOXING = YES;
				GCC_C_LANGUAGE_STANDARD = gnu17;
				GCC_NO_COMMON_BLOCKS = YES;
				GCC_WARN_64_TO_32_BIT_CONVERSION = YES;
				GCC_WARN_ABOUT_RETURN_TYPE = YES_ERROR;
				GCC_WARN_UNDECLARED_SELECTOR = YES;
				GCC_WARN_UNINITIALIZED_AUTOS = YES_AGGRESSIVE;
				GCC_WARN_UNUSED_FUNCTION = YES;
				GCC_WARN_UNUSED_VARIABLE = YES;
				IPHONEOS_DEPLOYMENT_TARGET = 17.0;
				LOCALIZATION_PREFERS_STRING_CATALOGS = YES;
				MTL_ENABLE_DEBUG_INFO = NO;
				MTL_FAST_MATH = YES;
				SDKROOT = iphoneos;
				SWIFT_COMPILATION_MODE = wholemodule;
				VALIDATE_PRODUCT = YES;
			};
			name = Release;
		};
		98D411272A5DAA9D00BCEE1F /* Debug */ = {
			isa = XCBuildConfiguration;
			buildSettings = {
				ASSETCATALOG_COMPILER_APPICON_NAME = AppIcon;
				ASSETCATALOG_COMPILER_GLOBAL_ACCENT_COLOR_NAME = AccentColor;
				CODE_SIGN_STYLE = Automatic;
				CURRENT_PROJECT_VERSION = 1;
				DEVELOPMENT_ASSET_PATHS = "\"SEWeather/Preview Content\"";
				DEVELOPMENT_TEAM = Q4F9FYJ2D7;
				ENABLE_PREVIEWS = YES;
				GENERATE_INFOPLIST_FILE = YES;
				INFOPLIST_FILE = SEWeather/Info.plist;
				INFOPLIST_KEY_CFBundleDisplayName = SEWheaterApp;
				INFOPLIST_KEY_LSApplicationCategoryType = "public.app-category.weather";
				INFOPLIST_KEY_NSLocationAlwaysUsageDescription = PRIVET;
				INFOPLIST_KEY_NSLocationUsageDescription = PRIVET;
				INFOPLIST_KEY_NSLocationWhenInUseUsageDescription = PRIVET;
				INFOPLIST_KEY_UIApplicationSceneManifest_Generation = YES;
				INFOPLIST_KEY_UIApplicationSupportsIndirectInputEvents = YES;
				INFOPLIST_KEY_UILaunchScreen_Generation = YES;
				INFOPLIST_KEY_UISupportedInterfaceOrientations = UIInterfaceOrientationPortrait;
				INFOPLIST_KEY_UISupportedInterfaceOrientations_iPad = "UIInterfaceOrientationLandscapeLeft UIInterfaceOrientationLandscapeRight UIInterfaceOrientationPortrait UIInterfaceOrientationPortraitUpsideDown";
				IPHONEOS_DEPLOYMENT_TARGET = 14.0;
				LD_RUNPATH_SEARCH_PATHS = (
					"$(inherited)",
					"@executable_path/Frameworks",
				);
				MARKETING_VERSION = 1.0;
				PRODUCT_BUNDLE_IDENTIFIER = com.rovkov.SEWeather;
				PRODUCT_NAME = "$(TARGET_NAME)";
				SUPPORTED_PLATFORMS = "iphoneos iphonesimulator";
				SUPPORTS_MACCATALYST = NO;
				SUPPORTS_MAC_DESIGNED_FOR_IPHONE_IPAD = NO;
				SWIFT_EMIT_LOC_STRINGS = YES;
				SWIFT_VERSION = 5.0;
				TARGETED_DEVICE_FAMILY = 1;
			};
			name = Debug;
		};
		98D411282A5DAA9D00BCEE1F /* Release */ = {
			isa = XCBuildConfiguration;
			buildSettings = {
				ASSETCATALOG_COMPILER_APPICON_NAME = AppIcon;
				ASSETCATALOG_COMPILER_GLOBAL_ACCENT_COLOR_NAME = AccentColor;
				CODE_SIGN_STYLE = Automatic;
				CURRENT_PROJECT_VERSION = 1;
				DEVELOPMENT_ASSET_PATHS = "\"SEWeather/Preview Content\"";
				DEVELOPMENT_TEAM = Q4F9FYJ2D7;
				ENABLE_PREVIEWS = YES;
				GENERATE_INFOPLIST_FILE = YES;
				INFOPLIST_FILE = SEWeather/Info.plist;
				INFOPLIST_KEY_CFBundleDisplayName = SEWheaterApp;
				INFOPLIST_KEY_LSApplicationCategoryType = "public.app-category.weather";
				INFOPLIST_KEY_NSLocationAlwaysUsageDescription = PRIVET;
				INFOPLIST_KEY_NSLocationUsageDescription = PRIVET;
				INFOPLIST_KEY_NSLocationWhenInUseUsageDescription = PRIVET;
				INFOPLIST_KEY_UIApplicationSceneManifest_Generation = YES;
				INFOPLIST_KEY_UIApplicationSupportsIndirectInputEvents = YES;
				INFOPLIST_KEY_UILaunchScreen_Generation = YES;
				INFOPLIST_KEY_UISupportedInterfaceOrientations = UIInterfaceOrientationPortrait;
				INFOPLIST_KEY_UISupportedInterfaceOrientations_iPad = "UIInterfaceOrientationLandscapeLeft UIInterfaceOrientationLandscapeRight UIInterfaceOrientationPortrait UIInterfaceOrientationPortraitUpsideDown";
				IPHONEOS_DEPLOYMENT_TARGET = 14.0;
				LD_RUNPATH_SEARCH_PATHS = (
					"$(inherited)",
					"@executable_path/Frameworks",
				);
				MARKETING_VERSION = 1.0;
				PRODUCT_BUNDLE_IDENTIFIER = com.rovkov.SEWeather;
				PRODUCT_NAME = "$(TARGET_NAME)";
				SUPPORTED_PLATFORMS = "iphoneos iphonesimulator";
				SUPPORTS_MACCATALYST = NO;
				SUPPORTS_MAC_DESIGNED_FOR_IPHONE_IPAD = NO;
				SWIFT_EMIT_LOC_STRINGS = YES;
				SWIFT_VERSION = 5.0;
				TARGETED_DEVICE_FAMILY = 1;
			};
			name = Release;
		};
/* End XCBuildConfiguration section */

/* Begin XCConfigurationList section */
		98D4110E2A5DAA9A00BCEE1F /* Build configuration list for PBXProject "SEWeather" */ = {
			isa = XCConfigurationList;
			buildConfigurations = (
				98D411242A5DAA9D00BCEE1F /* Debug */,
				98D411252A5DAA9D00BCEE1F /* Release */,
			);
			defaultConfigurationIsVisible = 0;
			defaultConfigurationName = Release;
		};
		98D411262A5DAA9D00BCEE1F /* Build configuration list for PBXNativeTarget "SEWeather" */ = {
			isa = XCConfigurationList;
			buildConfigurations = (
				98D411272A5DAA9D00BCEE1F /* Debug */,
				98D411282A5DAA9D00BCEE1F /* Release */,
			);
			defaultConfigurationIsVisible = 0;
			defaultConfigurationName = Release;
		};
/* End XCConfigurationList section */

/* Begin XCVersionGroup section */
		983AD8732A603C1A003BCE3B /* ModelData.xcdatamodeld */ = {
			isa = XCVersionGroup;
			children = (
				983AD8742A603C1A003BCE3B /* ModelData.xcdatamodel */,
			);
			currentVersion = 983AD8742A603C1A003BCE3B /* ModelData.xcdatamodel */;
			path = ModelData.xcdatamodeld;
			sourceTree = "<group>";
			versionGroupType = wrapper.xcdatamodel;
		};
/* End XCVersionGroup section */
	};
	rootObject = 98D4110B2A5DAA9A00BCEE1F /* Project object */;
}
